
Microsoft Visual Studio Solution File, Format Version 12.00
# Visual Studio 15
VisualStudioVersion = 15.0.26430.14
MinimumVisualStudioVersion = 10.0.40219.1
Project("{2150E333-8FDC-42A3-9474-1A3956D46DE8}") = "WebCrawler", "WebCrawler", "{87F890E4-CDAE-4BC8-A6C8-70F36BADDCD7}"
EndProject
Project("{2150E333-8FDC-42A3-9474-1A3956D46DE8}") = "WebInterface", "WebInterface", "{200F9EF6-5160-4058-97ED-D0954646DACE}"
EndProject
Project("{2150E333-8FDC-42A3-9474-1A3956D46DE8}") = "DAO", "DAO", "{B84CA03F-3D29-4CF2-8B6D-931127CEB7BB}"
EndProject
Project("{2150E333-8FDC-42A3-9474-1A3956D46DE8}") = "TelescopeAPI", "TelescopeAPI", "{EE2667AB-252E-465E-8846-96D65CCD334B}"
EndProject
Project("{2150E333-8FDC-42A3-9474-1A3956D46DE8}") = "Tools", "Tools", "{1478FAC6-C7CA-41D3-904E-7865B57ED67D}"
EndProject
Project("{FAE04EC0-301F-11D3-BF4B-00C04F79EFBC}") = "DataContracts", "DataContracts\DataContracts.csproj", "{0728F9AE-8463-4766-817D-A6A5B5FF554B}"
EndProject
Project("{FAE04EC0-301F-11D3-BF4B-00C04F79EFBC}") = "DAO.APILayer", "DAO\DAO.APILayer.csproj", "{374D0E23-51A7-4DE2-A6D5-C55DADDF8230}"
EndProject
Project("{FAE04EC0-301F-11D3-BF4B-00C04F79EFBC}") = "TelescopeAPI.SearchEngine", "TelescopeAPI\TelescopeAPI.SearchEngine\TelescopeAPI.SearchEngine.csproj", "{A8410B8F-3263-448E-A7D5-88AEE9F21C9C}"
EndProject
Project("{FAE04EC0-301F-11D3-BF4B-00C04F79EFBC}") = "TelescopeAPI.MIS", "TelescopeAPI\TelescopeAPI.MIS\TelescopeAPI.MIS.csproj", "{93E08EDF-BDC2-42F5-AA0C-986728ED8667}"
EndProject
Project("{FAE04EC0-301F-11D3-BF4B-00C04F79EFBC}") = "TelescopeAPI.APILayer", "TelescopeAPI\TelescopeAPI.APILayer\TelescopeAPI.APILayer.csproj", "{81D19441-7C90-4251-B7B5-1C3523A8B5F1}"
EndProject
Project("{FAE04EC0-301F-11D3-BF4B-00C04F79EFBC}") = "Utils", "Tools\Utils\Utils.csproj", "{6ADD372B-66C4-4141-B910-0EFFA0888522}"
EndProject
Project("{FAE04EC0-301F-11D3-BF4B-00C04F79EFBC}") = "WebCrawler.Crawler", "WebCrawler\WebCrawler.Crawler\WebCrawler.Crawler.csproj", "{B18C691C-6276-40B0-9660-FEFFF78F1B10}"
EndProject
Project("{FAE04EC0-301F-11D3-BF4B-00C04F79EFBC}") = "WebCrawler.MainService", "WebCrawler\WebCrawler.MainService\WebCrawler.MainService.csproj", "{DF74623A-78DA-4965-BDF4-5A6107450106}"
EndProject
Project("{FAE04EC0-301F-11D3-BF4B-00C04F79EFBC}") = "WebCrawler.Scraper", "WebCrawler\WebCrawler.Scraper\WebCrawler.Scraper.csproj", "{18266F4F-EC11-4113-9256-439BDBC8A660}"
EndProject
Project("{FAE04EC0-301F-11D3-BF4B-00C04F79EFBC}") = "WebInterface.GUI", "WebInterface\WebInterface.GUI\WebInterface.GUI.csproj", "{5D975DA3-4CF4-4D86-BE2F-97BDE90139B1}"
EndProject
Global
	GlobalSection(SolutionConfigurationPlatforms) = preSolution
		Debug|Any CPU = Debug|Any CPU
		Debug|x86 = Debug|x86
		Release|Any CPU = Release|Any CPU
		Release|x86 = Release|x86
	EndGlobalSection
	GlobalSection(ProjectConfigurationPlatforms) = postSolution
		{0728F9AE-8463-4766-817D-A6A5B5FF554B}.Debug|Any CPU.ActiveCfg = Debug|Any CPU
		{0728F9AE-8463-4766-817D-A6A5B5FF554B}.Debug|Any CPU.Build.0 = Debug|Any CPU
		{0728F9AE-8463-4766-817D-A6A5B5FF554B}.Debug|x86.ActiveCfg = Debug|Any CPU
		{0728F9AE-8463-4766-817D-A6A5B5FF554B}.Debug|x86.Build.0 = Debug|Any CPU
		{0728F9AE-8463-4766-817D-A6A5B5FF554B}.Release|Any CPU.ActiveCfg = Release|Any CPU
		{0728F9AE-8463-4766-817D-A6A5B5FF554B}.Release|Any CPU.Build.0 = Release|Any CPU
		{0728F9AE-8463-4766-817D-A6A5B5FF554B}.Release|x86.ActiveCfg = Release|Any CPU
		{0728F9AE-8463-4766-817D-A6A5B5FF554B}.Release|x86.Build.0 = Release|Any CPU
		{374D0E23-51A7-4DE2-A6D5-C55DADDF8230}.Debug|Any CPU.ActiveCfg = Debug|Any CPU
		{374D0E23-51A7-4DE2-A6D5-C55DADDF8230}.Debug|Any CPU.Build.0 = Debug|Any CPU
		{374D0E23-51A7-4DE2-A6D5-C55DADDF8230}.Debug|x86.ActiveCfg = Debug|Any CPU
		{374D0E23-51A7-4DE2-A6D5-C55DADDF8230}.Debug|x86.Build.0 = Debug|Any CPU
		{374D0E23-51A7-4DE2-A6D5-C55DADDF8230}.Release|Any CPU.ActiveCfg = Release|Any CPU
		{374D0E23-51A7-4DE2-A6D5-C55DADDF8230}.Release|Any CPU.Build.0 = Release|Any CPU
		{374D0E23-51A7-4DE2-A6D5-C55DADDF8230}.Release|x86.ActiveCfg = Release|Any CPU
		{374D0E23-51A7-4DE2-A6D5-C55DADDF8230}.Release|x86.Build.0 = Release|Any CPU
		{A8410B8F-3263-448E-A7D5-88AEE9F21C9C}.Debug|Any CPU.ActiveCfg = Debug|Any CPU
		{A8410B8F-3263-448E-A7D5-88AEE9F21C9C}.Debug|Any CPU.Build.0 = Debug|Any CPU
		{A8410B8F-3263-448E-A7D5-88AEE9F21C9C}.Debug|x86.ActiveCfg = Debug|Any CPU
		{A8410B8F-3263-448E-A7D5-88AEE9F21C9C}.Debug|x86.Build.0 = Debug|Any CPU
		{A8410B8F-3263-448E-A7D5-88AEE9F21C9C}.Release|Any CPU.ActiveCfg = Release|Any CPU
		{A8410B8F-3263-448E-A7D5-88AEE9F21C9C}.Release|Any CPU.Build.0 = Release|Any CPU
		{A8410B8F-3263-448E-A7D5-88AEE9F21C9C}.Release|x86.ActiveCfg = Release|Any CPU
		{A8410B8F-3263-448E-A7D5-88AEE9F21C9C}.Release|x86.Build.0 = Release|Any CPU
		{93E08EDF-BDC2-42F5-AA0C-986728ED8667}.Debug|Any CPU.ActiveCfg = Debug|Any CPU
		{93E08EDF-BDC2-42F5-AA0C-986728ED8667}.Debug|Any CPU.Build.0 = Debug|Any CPU
		{93E08EDF-BDC2-42F5-AA0C-986728ED8667}.Debug|x86.ActiveCfg = Debug|Any CPU
		{93E08EDF-BDC2-42F5-AA0C-986728ED8667}.Debug|x86.Build.0 = Debug|Any CPU
		{93E08EDF-BDC2-42F5-AA0C-986728ED8667}.Release|Any CPU.ActiveCfg = Release|Any CPU
		{93E08EDF-BDC2-42F5-AA0C-986728ED8667}.Release|Any CPU.Build.0 = Release|Any CPU
		{93E08EDF-BDC2-42F5-AA0C-986728ED8667}.Release|x86.ActiveCfg = Release|Any CPU
		{93E08EDF-BDC2-42F5-AA0C-986728ED8667}.Release|x86.Build.0 = Release|Any CPU
		{81D19441-7C90-4251-B7B5-1C3523A8B5F1}.Debug|Any CPU.ActiveCfg = Debug|Any CPU
		{81D19441-7C90-4251-B7B5-1C3523A8B5F1}.Debug|Any CPU.Build.0 = Debug|Any CPU
		{81D19441-7C90-4251-B7B5-1C3523A8B5F1}.Debug|x86.ActiveCfg = Debug|Any CPU
		{81D19441-7C90-4251-B7B5-1C3523A8B5F1}.Debug|x86.Build.0 = Debug|Any CPU
		{81D19441-7C90-4251-B7B5-1C3523A8B5F1}.Release|Any CPU.ActiveCfg = Release|Any CPU
		{81D19441-7C90-4251-B7B5-1C3523A8B5F1}.Release|Any CPU.Build.0 = Release|Any CPU
		{81D19441-7C90-4251-B7B5-1C3523A8B5F1}.Release|x86.ActiveCfg = Release|Any CPU
		{81D19441-7C90-4251-B7B5-1C3523A8B5F1}.Release|x86.Build.0 = Release|Any CPU
		{6ADD372B-66C4-4141-B910-0EFFA0888522}.Debug|Any CPU.ActiveCfg = Debug|Any CPU
		{6ADD372B-66C4-4141-B910-0EFFA0888522}.Debug|Any CPU.Build.0 = Debug|Any CPU
		{6ADD372B-66C4-4141-B910-0EFFA0888522}.Debug|x86.ActiveCfg = Debug|Any CPU
		{6ADD372B-66C4-4141-B910-0EFFA0888522}.Debug|x86.Build.0 = Debug|Any CPU
		{6ADD372B-66C4-4141-B910-0EFFA0888522}.Release|Any CPU.ActiveCfg = Release|Any CPU
		{6ADD372B-66C4-4141-B910-0EFFA0888522}.Release|Any CPU.Build.0 = Release|Any CPU
		{6ADD372B-66C4-4141-B910-0EFFA0888522}.Release|x86.ActiveCfg = Release|Any CPU
		{6ADD372B-66C4-4141-B910-0EFFA0888522}.Release|x86.Build.0 = Release|Any CPU
		{B18C691C-6276-40B0-9660-FEFFF78F1B10}.Debug|Any CPU.ActiveCfg = Debug|Any CPU
		{B18C691C-6276-40B0-9660-FEFFF78F1B10}.Debug|Any CPU.Build.0 = Debug|Any CPU
		{B18C691C-6276-40B0-9660-FEFFF78F1B10}.Debug|x86.ActiveCfg = Debug|Any CPU
		{B18C691C-6276-40B0-9660-FEFFF78F1B10}.Debug|x86.Build.0 = Debug|Any CPU
		{B18C691C-6276-40B0-9660-FEFFF78F1B10}.Release|Any CPU.ActiveCfg = Release|Any CPU
		{B18C691C-6276-40B0-9660-FEFFF78F1B10}.Release|Any CPU.Build.0 = Release|Any CPU
		{B18C691C-6276-40B0-9660-FEFFF78F1B10}.Release|x86.ActiveCfg = Release|Any CPU
		{B18C691C-6276-40B0-9660-FEFFF78F1B10}.Release|x86.Build.0 = Release|Any CPU
		{DF74623A-78DA-4965-BDF4-5A6107450106}.Debug|Any CPU.ActiveCfg = Debug|Any CPU
		{DF74623A-78DA-4965-BDF4-5A6107450106}.Debug|Any CPU.Build.0 = Debug|Any CPU
		{DF74623A-78DA-4965-BDF4-5A6107450106}.Debug|x86.ActiveCfg = Debug|Any CPU
		{DF74623A-78DA-4965-BDF4-5A6107450106}.Debug|x86.Build.0 = Debug|Any CPU
		{DF74623A-78DA-4965-BDF4-5A6107450106}.Release|Any CPU.ActiveCfg = Release|Any CPU
		{DF74623A-78DA-4965-BDF4-5A6107450106}.Release|Any CPU.Build.0 = Release|Any CPU
		{DF74623A-78DA-4965-BDF4-5A6107450106}.Release|x86.ActiveCfg = Release|Any CPU
		{DF74623A-78DA-4965-BDF4-5A6107450106}.Release|x86.Build.0 = Release|Any CPU
		{18266F4F-EC11-4113-9256-439BDBC8A660}.Debug|Any CPU.ActiveCfg = Debug|Any CPU
		{18266F4F-EC11-4113-9256-439BDBC8A660}.Debug|Any CPU.Build.0 = Debug|Any CPU
		{18266F4F-EC11-4113-9256-439BDBC8A660}.Debug|x86.ActiveCfg = Debug|Any CPU
		{18266F4F-EC11-4113-9256-439BDBC8A660}.Debug|x86.Build.0 = Debug|Any CPU
		{18266F4F-EC11-4113-9256-439BDBC8A660}.Release|Any CPU.ActiveCfg = Release|Any CPU
		{18266F4F-EC11-4113-9256-439BDBC8A660}.Release|Any CPU.Build.0 = Release|Any CPU
		{18266F4F-EC11-4113-9256-439BDBC8A660}.Release|x86.ActiveCfg = Release|Any CPU
		{18266F4F-EC11-4113-9256-439BDBC8A660}.Release|x86.Build.0 = Release|Any CPU
		{5D975DA3-4CF4-4D86-BE2F-97BDE90139B1}.Debug|Any CPU.ActiveCfg = Debug|Any CPU
		{5D975DA3-4CF4-4D86-BE2F-97BDE90139B1}.Debug|Any CPU.Build.0 = Debug|Any CPU
		{5D975DA3-4CF4-4D86-BE2F-97BDE90139B1}.Debug|x86.ActiveCfg = Debug|Any CPU
		{5D975DA3-4CF4-4D86-BE2F-97BDE90139B1}.Debug|x86.Build.0 = Debug|Any CPU
		{5D975DA3-4CF4-4D86-BE2F-97BDE90139B1}.Release|Any CPU.ActiveCfg = Release|Any CPU
		{5D975DA3-4CF4-4D86-BE2F-97BDE90139B1}.Release|Any CPU.Build.0 = Release|Any CPU
		{5D975DA3-4CF4-4D86-BE2F-97BDE90139B1}.Release|x86.ActiveCfg = Release|Any CPU
		{5D975DA3-4CF4-4D86-BE2F-97BDE90139B1}.Release|x86.Build.0 = Release|Any CPU
	EndGlobalSection
	GlobalSection(SolutionProperties) = preSolution
		HideSolutionNode = FALSE
	EndGlobalSection
	GlobalSection(NestedProjects) = preSolution
		{374D0E23-51A7-4DE2-A6D5-C55DADDF8230} = {B84CA03F-3D29-4CF2-8B6D-931127CEB7BB}
		{A8410B8F-3263-448E-A7D5-88AEE9F21C9C} = {EE2667AB-252E-465E-8846-96D65CCD334B}
		{93E08EDF-BDC2-42F5-AA0C-986728ED8667} = {EE2667AB-252E-465E-8846-96D65CCD334B}
		{81D19441-7C90-4251-B7B5-1C3523A8B5F1} = {EE2667AB-252E-465E-8846-96D65CCD334B}
		{6ADD372B-66C4-4141-B910-0EFFA0888522} = {1478FAC6-C7CA-41D3-904E-7865B57ED67D}
		{B18C691C-6276-40B0-9660-FEFFF78F1B10} = {87F890E4-CDAE-4BC8-A6C8-70F36BADDCD7}
		{DF74623A-78DA-4965-BDF4-5A6107450106} = {87F890E4-CDAE-4BC8-A6C8-70F36BADDCD7}
		{18266F4F-EC11-4113-9256-439BDBC8A660} = {87F890E4-CDAE-4BC8-A6C8-70F36BADDCD7}
		{5D975DA3-4CF4-4D86-BE2F-97BDE90139B1} = {200F9EF6-5160-4058-97ED-D0954646DACE}
	EndGlobalSection
EndGlobal
